<?xml version="1.0" encoding="utf-8"?>
<Project ToolsVersion="4.0" xmlns="http://schemas.microsoft.com/developer/msbuild/2003">
  <ItemGroup>
    <Filter Include="Source Files">
      <UniqueIdentifier>{4FC737F1-C7A5-4376-A066-2A32D752A2FF}</UniqueIdentifier>
      <Extensions>cpp;c;cc;cxx;c++;cppm;ixx;def;odl;idl;hpj;bat;asm;asmx</Extensions>
    </Filter>
    <Filter Include="Header Files">
      <UniqueIdentifier>{93995380-89BD-4b04-88EB-625FBE52EBFB}</UniqueIdentifier>
      <Extensions>h;hh;hpp;hxx;h++;hm;inl;inc;ipp;xsd</Extensions>
    </Filter>
    <Filter Include="Resource Files">
      <UniqueIdentifier>{67DA6AB6-F800-4c08-8B7A-83BB121AAD01}</UniqueIdentifier>
      <Extensions>rc;ico;cur;bmp;dlg;rc2;rct;bin;rgs;gif;jpg;jpeg;jpe;resx;tiff;tif;png;wav;mfcribbon-ms</Extensions>
    </Filter>
  </ItemGroup>
  <ItemGroup>
    <ClCompile Include="Source\Main.cpp">
      <Filter>Source Files</Filter>
    </ClCompile>
    <ClCompile Include="Source\MyApp.cpp">
      <Filter>Source Files</Filter>
    </ClCompile>
    <ClCompile Include="Source\State.cpp">
      <Filter>Source Files</Filter>
    </ClCompile>
    <ClCompile Include="Source\MainMenuState.cpp">
      <Filter>Source Files</Filter>
    </ClCompile>
    <ClCompile Include="Source\GUI.cpp">
      <Filter>Source Files</Filter>
    </ClCompile>
    <ClCompile Include="Source\GameState.cpp">
      <Filter>Source Files</Filter>
    </ClCompile>
    <ClCompile Include="Source\MenuLevelState.cpp">
      <Filter>Source Files</Filter>
    </ClCompile>
    <ClCompile Include="Source\PlayerManager.cpp">
      <Filter>Source Files</Filter>
    </ClCompile>
    <ClCompile Include="Source\AnimationComponent.cpp">
      <Filter>Source Files</Filter>
    </ClCompile>
    <ClCompile Include="Source\Mario.cpp">
      <Filter>Source Files</Filter>
    </ClCompile>
    <ClCompile Include="Source\PhysicsEngine.cpp">
      <Filter>Source Files</Filter>
    </ClCompile>
    <ClCompile Include="Source\GameObject.cpp">
      <Filter>Source Files</Filter>
    </ClCompile>
    <ClCompile Include="Source\Enemy.cpp">
      <Filter>Source Files</Filter>
    </ClCompile>
    <ClCompile Include="Source\LevelManager.cpp">
      <Filter>Source Files</Filter>
    </ClCompile>
    <ClCompile Include="Source\W1_LV1.cpp">
      <Filter>Source Files</Filter>
    </ClCompile>
    <ClCompile Include="Source\W2_LV1.cpp">
      <Filter>Source Files</Filter>
    </ClCompile>
    <ClCompile Include="Source\W3_LV1.cpp">
      <Filter>Source Files</Filter>
    </ClCompile>
    <ClCompile Include="Source\MapManager.cpp">
      <Filter>Source Files</Filter>
    </ClCompile>
    <ClCompile Include="Source\LivingEntity.cpp">
      <Filter>Source Files</Filter>
    </ClCompile>
    <ClCompile Include="Source\MovementComponent.cpp">
      <Filter>Source Files</Filter>
    </ClCompile>
    <ClCompile Include="Source\SolidBlock.cpp">
      <Filter>Source Files</Filter>
    </ClCompile>
    <ClCompile Include="Source\Block.cpp">
      <Filter>Source Files</Filter>
    </ClCompile>
    <ClCompile Include="Source\LevelGUI.cpp">
      <Filter>Source Files</Filter>
    </ClCompile>
    <ClCompile Include="Source\GameEventMediator.cpp">
      <Filter>Source Files</Filter>
    </ClCompile>
    <ClCompile Include="Source\CoinBlock.cpp">
      <Filter>Source Files</Filter>
    </ClCompile>
    <ClCompile Include="Source\Pipe.cpp">
      <Filter>Source Files</Filter>
    </ClCompile>
    <ClCompile Include="Source\Brick.cpp">
      <Filter>Source Files</Filter>
    </ClCompile>
    <ClCompile Include="Source\Mushroom.cpp">
      <Filter>Source Files</Filter>
    </ClCompile>
    <ClCompile Include="Source\Coin.cpp">
      <Filter>Source Files</Filter>
    </ClCompile>
    <ClCompile Include="Source\Goomba.cpp">
      <Filter>Source Files</Filter>
    </ClCompile>
    <ClCompile Include="Source\PowerUpObject.cpp">
      <Filter>Source Files</Filter>
    </ClCompile>
    <ClCompile Include="Source\MushroomBlock.cpp">
      <Filter>Source Files</Filter>
    </ClCompile>
    <ClCompile Include="Source\Koopa.cpp">
      <Filter>Source Files</Filter>
    </ClCompile>
    <ClCompile Include="Source\AudioSystem.cpp">
      <Filter>Source Files</Filter>
    </ClCompile>
    <ClCompile Include="Source\BrickFragment.cpp">
      <Filter>Source Files</Filter>
    </ClCompile>
    <ClCompile Include="Source\Lava.cpp">
      <Filter>Source Files</Filter>
    </ClCompile>
    <ClCompile Include="Source\Trampoline.cpp">
      <Filter>Source Files</Filter>
    </ClCompile>
    <ClCompile Include="Source\Cannon.cpp">
      <Filter>Source Files</Filter>
    </ClCompile>
    <ClCompile Include="Source\PlayerBuff.cpp">
      <Filter>Source Files</Filter>
    </ClCompile>
    <ClCompile Include="Source\FireBuff.cpp">
      <Filter>Source Files</Filter>
    </ClCompile>
    <ClCompile Include="Source\Bullet.cpp">
      <Filter>Source Files</Filter>
    </ClCompile>
    <ClCompile Include="Source\MenuWorldState.cpp">
      <Filter>Source Files</Filter>
    </ClCompile>
    <ClCompile Include="Source\W1_LV2.cpp">
      <Filter>Source Files</Filter>
    </ClCompile>
    <ClCompile Include="Source\W1_LV3.cpp">
      <Filter>Source Files</Filter>
    </ClCompile>
    <ClCompile Include="Source\W2_LV2.cpp">
      <Filter>Source Files</Filter>
    </ClCompile>
    <ClCompile Include="Source\W2_LV3.cpp">
      <Filter>Source Files</Filter>
    </ClCompile>
    <ClCompile Include="Source\ChatComponent.cpp">
      <Filter>Source Files</Filter>
    </ClCompile>
    <ClCompile Include="Source\ChatUI.cpp">
      <Filter>Source Files</Filter>
    </ClCompile>
    <ClCompile Include="Source\OllamaService.cpp">
      <Filter>Source Files</Filter>
    </ClCompile>
    <ClCompile Include="Source\CloudBlock.cpp">
      <Filter>Source Files</Filter>
    </ClCompile>
    <ClCompile Include="Source\W3_LV2.cpp">
      <Filter>Source Files</Filter>
    </ClCompile>
    <ClCompile Include="Source\DeathMenuState.cpp">
      <Filter>Source Files</Filter>
    </ClCompile>
    <ClCompile Include="Source\PauseMenuState.cpp">
      <Filter>Source Files</Filter>
    </ClCompile>
    <ClCompile Include="Source\UserData.cpp">
      <Filter>Source Files</Filter>
    </ClCompile>
    <ClCompile Include="Source\Luigi.cpp">
      <Filter>Source Files</Filter>
    </ClCompile>
    <ClCompile Include="Source\Character.cpp">
      <Filter>Source Files</Filter>
    </ClCompile>
    <ClCompile Include="Source\MenuCharacterSelectionState.cpp">
      <Filter>Source Files</Filter>
    </ClCompile>
    <ClCompile Include="Source\MovingBlock.cpp">
      <Filter>Source Files</Filter>
    </ClCompile>
    <ClCompile Include="Source\Rocket.cpp">
      <Filter>Source Files</Filter>
    </ClCompile>
    <ClCompile Include="Source\W3_LV3.cpp">
      <Filter>Source Files</Filter>
    </ClCompile>
    <ClCompile Include="Source\WinFlag.cpp">
      <Filter>Source Files</Filter>
    </ClCompile>
    <ClCompile Include="Source\Bowser.cpp">
      <Filter>Source Files</Filter>
    </ClCompile>
    <ClCompile Include="Source\FlyingKoopa.cpp">
      <Filter>Source Files</Filter>
    </ClCompile>
    <ClCompile Include="Source\PeteyPiranha.cpp">
      <Filter>Source Files</Filter>
    </ClCompile>
    <ClCompile Include="Source\WinMenuState.cpp">
      <Filter>Source Files</Filter>
    </ClCompile>
    <ClCompile Include="Source\Heriss.cpp">
      <Filter>Source Files</Filter>
    </ClCompile>
  </ItemGroup>
  <ItemGroup>
    <ClInclude Include="Source\Headers\resource.h">
      <Filter>Header Files</Filter>
    </ClInclude>
    <ClInclude Include="Source\Headers\MyApp.h">
      <Filter>Header Files</Filter>
    </ClInclude>
    <ClInclude Include="Source\Headers\stdafx.h">
      <Filter>Header Files</Filter>
    </ClInclude>
    <ClInclude Include="Source\Headers\State.h">
      <Filter>Header Files</Filter>
    </ClInclude>
    <ClInclude Include="Source\Headers\MainMenuState.h">
      <Filter>Header Files</Filter>
    </ClInclude>
    <ClInclude Include="Source\Headers\GUI.h">
      <Filter>Header Files</Filter>
    </ClInclude>
    <ClInclude Include="Source\Headers\GameState.h">
      <Filter>Header Files</Filter>
    </ClInclude>
    <ClInclude Include="Source\Headers\MenuLevelState.h">
      <Filter>Header Files</Filter>
    </ClInclude>
    <ClInclude Include="Source\Headers\PlayerManager.h">
      <Filter>Header Files</Filter>
    </ClInclude>
    <ClInclude Include="Source\Headers\AnimationComponent.h">
      <Filter>Header Files</Filter>
    </ClInclude>
    <ClInclude Include="Source\Headers\Mario.h">
      <Filter>Header Files</Filter>
    </ClInclude>
    <ClInclude Include="Source\Headers\PhysicsEngine.h">
      <Filter>Header Files</Filter>
    </ClInclude>
    <ClInclude Include="Source\Headers\GameObject.h">
      <Filter>Header Files</Filter>
    </ClInclude>
    <ClInclude Include="Source\Headers\Enemy.h">
      <Filter>Header Files</Filter>
    </ClInclude>
    <ClInclude Include="Source\Headers\LevelManager.h">
      <Filter>Header Files</Filter>
    </ClInclude>
    <ClInclude Include="Source\Headers\MapManager.h">
      <Filter>Header Files</Filter>
    </ClInclude>
    <ClInclude Include="Source\Headers\W1_LV1.h">
      <Filter>Header Files</Filter>
    </ClInclude>
    <ClInclude Include="Source\Headers\W2_LV1.h">
      <Filter>Header Files</Filter>
    </ClInclude>
    <ClInclude Include="Source\Headers\W3_LV1.h">
      <Filter>Header Files</Filter>
    </ClInclude>
    <ClInclude Include="Source\Headers\LivingEntity.h">
      <Filter>Header Files</Filter>
    </ClInclude>
    <ClInclude Include="Source\Headers\MovementComponent.h">
      <Filter>Header Files</Filter>
    </ClInclude>
    <ClInclude Include="Source\Headers\SolidBlock.h">
      <Filter>Header Files</Filter>
    </ClInclude>
    <ClInclude Include="Source\Headers\Block.h">
      <Filter>Header Files</Filter>
    </ClInclude>
    <ClInclude Include="Source\Headers\LevelGUI.h">
      <Filter>Header Files</Filter>
    </ClInclude>
    <ClInclude Include="Source\Headers\GameEventMediator.h">
      <Filter>Header Files</Filter>
    </ClInclude>
    <ClInclude Include="Source\Headers\CoinBlock.h">
      <Filter>Header Files</Filter>
    </ClInclude>
    <ClInclude Include="Source\Headers\Pipe.h">
      <Filter>Header Files</Filter>
    </ClInclude>
    <ClInclude Include="Source\Headers\Brick.h">
      <Filter>Header Files</Filter>
    </ClInclude>
    <ClInclude Include="Source\Headers\Mushroom.h">
      <Filter>Header Files</Filter>
    </ClInclude>
    <ClInclude Include="Source\Headers\Coin.h">
      <Filter>Header Files</Filter>
    </ClInclude>
    <ClInclude Include="Source\Headers\Goomba.h">
      <Filter>Header Files</Filter>
    </ClInclude>
    <ClInclude Include="Source\Headers\PowerUpObject.h">
      <Filter>Header Files</Filter>
    </ClInclude>
    <ClInclude Include="Source\Headers\MushroomBlock.h">
      <Filter>Header Files</Filter>
    </ClInclude>
    <ClInclude Include="Source\Headers\AudioSystem.h">
      <Filter>Header Files</Filter>
    </ClInclude>
    <ClInclude Include="Source\Headers\Koopa.h">
      <Filter>Header Files</Filter>
    </ClInclude>
    <ClInclude Include="Source\Headers\BrickFragment.h">
      <Filter>Header Files</Filter>
    </ClInclude>
    <ClInclude Include="Source\Headers\Lava.h">
      <Filter>Header Files</Filter>
    </ClInclude>
    <ClInclude Include="Source\Headers\Trampoline.h">
      <Filter>Header Files</Filter>
    </ClInclude>
    <ClInclude Include="Source\Headers\Cannon.h">
      <Filter>Header Files</Filter>
    </ClInclude>
    <ClInclude Include="Source\Headers\MenuWorldState.h">
      <Filter>Header Files</Filter>
    </ClInclude>
    <ClInclude Include="Source\Headers\Bullet.h">
      <Filter>Header Files</Filter>
    </ClInclude>
    <ClInclude Include="Source\Headers\FireBuff.h">
      <Filter>Header Files</Filter>
    </ClInclude>
    <ClInclude Include="Source\Headers\PlayerBuff.h">
      <Filter>Header Files</Filter>
    </ClInclude>
    <ClInclude Include="Source\Headers\ChatComponent.h">
      <Filter>Header Files</Filter>
    </ClInclude>
    <ClInclude Include="Source\Headers\ChatUI.h">
      <Filter>Header Files</Filter>
    </ClInclude>
    <ClInclude Include="Source\Headers\LLMService.h">
      <Filter>Header Files</Filter>
    </ClInclude>
    <ClInclude Include="Source\Headers\W1_LV2.h">
      <Filter>Header Files</Filter>
    </ClInclude>
    <ClInclude Include="Source\Headers\W1_LV3.h">
      <Filter>Header Files</Filter>
    </ClInclude>
    <ClInclude Include="Source\Headers\W2_LV2.h">
      <Filter>Header Files</Filter>
    </ClInclude>
    <ClInclude Include="Source\Headers\W2_LV3.h">
      <Filter>Header Files</Filter>
    </ClInclude>
    <ClInclude Include="Source\Headers\OllamaService.h">
      <Filter>Header Files</Filter>
    </ClInclude>
    <ClInclude Include="Source\Headers\CloudBlock.h">
      <Filter>Header Files</Filter>
    </ClInclude>
    <ClInclude Include="Source\Headers\W3_LV2.h">
      <Filter>Header Files</Filter>
    </ClInclude>
    <ClInclude Include="Source\Headers\DeathMenuState.h">
      <Filter>Header Files</Filter>
    </ClInclude>
    <ClInclude Include="Source\Headers\PauseMenuState.h">
      <Filter>Header Files</Filter>
    </ClInclude>
    <ClInclude Include="Source\Headers\UserData.h">
      <Filter>Header Files</Filter>
    </ClInclude>
    <ClInclude Include="Source\Headers\Luigi.h">
      <Filter>Header Files</Filter>
    </ClInclude>
    <ClInclude Include="Source\Headers\Character.h">
      <Filter>Header Files</Filter>
    </ClInclude>
    <ClInclude Include="Source\Headers\MenuCharacterSelectionState.h">
      <Filter>Header Files</Filter>
    </ClInclude>
    <ClInclude Include="Source\Headers\MovingBlock.h">
      <Filter>Header Files</Filter>
    </ClInclude>
    <ClInclude Include="Source\Headers\Rocket.h">
      <Filter>Header Files</Filter>
    </ClInclude>
    <ClInclude Include="Source\Headers\W3_LV3.h">
      <Filter>Header Files</Filter>
    </ClInclude>
    <ClInclude Include="Source\Headers\WinFlag.h">
      <Filter>Header Files</Filter>
    </ClInclude>
    <ClInclude Include="Source\Headers\Bowser.h">
      <Filter>Header Files</Filter>
    </ClInclude>
    <ClInclude Include="Source\Headers\FlyingKoopa.h">
      <Filter>Header Files</Filter>
    </ClInclude>
    <ClInclude Include="Source\Headers\PeteyPiranha.h">
      <Filter>Header Files</Filter>
    </ClInclude>
    <ClInclude Include="Source\Headers\WinMenuState.h">
      <Filter>Header Files</Filter>
    </ClInclude>
    <ClInclude Include="Source\Headers\Heriss.h">
      <Filter>Header Files</Filter>
    </ClInclude>
  </ItemGroup>
  <ItemGroup>
    <ResourceCompile Include="Source\Headers\source.rc">
      <Filter>Resource Files</Filter>
    </ResourceCompile>
  </ItemGroup>
  <ItemGroup>
    <Text Include="Config\WindowIni.txt" />
    <Text Include="Config\docs.txt" />
  </ItemGroup>
  <ItemGroup>
    <Image Include="Source\Resources\texture\menu_background.png">
      <Filter>Resource Files</Filter>
    </Image>
    <Image Include="Source\Resources\texture\mario.jpg">
      <Filter>Resource Files</Filter>
    </Image>
    <Image Include="Source\Resources\texture\Mario_Luigi.png">
      <Filter>Resource Files</Filter>
    </Image>
    <Image Include="Source\Resources\texture\LevelSketch2.png">
      <Filter>Resource Files</Filter>
    </Image>
    <Image Include="Source\Resources\texture\selection_character_background.png">
      <Filter>Resource Files</Filter>
    </Image>
  </ItemGroup>
</Project>